{
  "nodes": {
    "cmp-buffer-plugin": {
      "flake": false,
      "locked": {
        "lastModified": 1743497185,
        "narHash": "sha256-dG4U7MtnXThoa/PD+qFtCt76MQ14V1wX8GMYcvxEnbM=",
        "owner": "hrsh7th",
        "repo": "cmp-buffer",
        "rev": "b74fab3656eea9de20a9b8116afa3cfc4ec09657",
        "type": "github"
      },
      "original": {
        "owner": "hrsh7th",
        "repo": "cmp-buffer",
        "type": "github"
      }
    },
    "cmp-calc-plugin": {
      "flake": false,
      "locked": {
        "lastModified": 1716014700,
        "narHash": "sha256-TI1FR0EjzPcjsFdJQ9vXVleQwyXkmqs4TvYyZ8A6cS0=",
        "owner": "hrsh7th",
        "repo": "cmp-calc",
        "rev": "5947b412da67306c5b68698a02a846760059be2e",
        "type": "github"
      },
      "original": {
        "owner": "hrsh7th",
        "repo": "cmp-calc",
        "type": "github"
      }
    },
    "cmp-copilot-plugin": {
      "flake": false,
      "locked": {
        "lastModified": 1649687630,
        "narHash": "sha256-2j3Y2vvBHXLD+fPH7fbvjKadd6X/uuHI0ajkjTJR35I=",
        "owner": "hrsh7th",
        "repo": "cmp-copilot",
        "rev": "1f3f31c54bd71e41ed157430702bc2837ea582ab",
        "type": "github"
      },
      "original": {
        "owner": "hrsh7th",
        "repo": "cmp-copilot",
        "type": "github"
      }
    },
    "cmp-git-plugin": {
      "flake": false,
      "locked": {
        "lastModified": 1742892575,
        "narHash": "sha256-pIb9qMuZcZW/JeKyI2oXHXp9jMZap+RlFA4kqFbLLMU=",
        "owner": "petertriho",
        "repo": "cmp-git",
        "rev": "d9efd00e0b9527ee05031ce7e7e55d6b118f543e",
        "type": "github"
      },
      "original": {
        "owner": "petertriho",
        "repo": "cmp-git",
        "type": "github"
      }
    },
    "cmp-nvim-lsp-plugin": {
      "flake": false,
      "locked": {
        "lastModified": 1743496195,
        "narHash": "sha256-iaihXNCF5bB5MdeoosD/kc3QtpA/QaIDZVLiLIurBSM=",
        "owner": "hrsh7th",
        "repo": "cmp-nvim-lsp",
        "rev": "a8912b88ce488f411177fc8aed358b04dc246d7b",
        "type": "github"
      },
      "original": {
        "owner": "hrsh7th",
        "repo": "cmp-nvim-lsp",
        "type": "github"
      }
    },
    "cmp-nvim-lsp-signature-help-plugin": {
      "flake": false,
      "locked": {
        "lastModified": 1715965063,
        "narHash": "sha256-tLMhkmdehH3IDlIdqJq6GHpudY0G05Asjir6p4aONyI=",
        "owner": "hrsh7th",
        "repo": "cmp-nvim-lsp-signature-help",
        "rev": "031e6ba70b0ad5eee49fd2120ff7a2e325b17fa7",
        "type": "github"
      },
      "original": {
        "owner": "hrsh7th",
        "repo": "cmp-nvim-lsp-signature-help",
        "type": "github"
      }
    },
    "cmp-path-plugin": {
      "flake": false,
      "locked": {
        "lastModified": 1743497173,
        "narHash": "sha256-thppiiV3wjIaZnAXmsh7j3DUc6ceSCvGzviwFUnoPaI=",
        "owner": "hrsh7th",
        "repo": "cmp-path",
        "rev": "c6635aae33a50d6010bf1aa756ac2398a2d54c32",
        "type": "github"
      },
      "original": {
        "owner": "hrsh7th",
        "repo": "cmp-path",
        "type": "github"
      }
    },
    "cmp-treesitter-plugin": {
      "flake": false,
      "locked": {
        "lastModified": 1715596479,
        "narHash": "sha256-8WAk9S+/7vSz7bVHdEzjbKUokU144fvnByIeJ1gAWhU=",
        "owner": "ray-x",
        "repo": "cmp-treesitter",
        "rev": "958fcfa0d8ce46d215e19cc3992c542f576c4123",
        "type": "github"
      },
      "original": {
        "owner": "ray-x",
        "repo": "cmp-treesitter",
        "type": "github"
      }
    },
    "copilot-vim-plugin": {
      "flake": false,
      "locked": {
        "lastModified": 1742848425,
        "narHash": "sha256-1l8BU7gwBVHy6DrXijq82fzR7aVWe7zEIsOOUPxRpyQ=",
        "owner": "github",
        "repo": "copilot.vim",
        "rev": "a9228e015528c9307890c48083c925eb98a64a79",
        "type": "github"
      },
      "original": {
        "owner": "github",
        "repo": "copilot.vim",
        "type": "github"
      }
    },
    "fenix": {
      "inputs": {
        "nixpkgs": [
          "nixpkgs"
        ],
        "rust-analyzer-src": "rust-analyzer-src"
      },
      "locked": {
        "lastModified": 1744231114,
        "narHash": "sha256-60gLl2rJFt6SRwqWimsTAeHgfsIE1iV0zChdJFOvx8w=",
        "owner": "nix-community",
        "repo": "fenix",
        "rev": "0ccfe532b1433da8e5a23cd513ff6847e0f6a8c2",
        "type": "github"
      },
      "original": {
        "owner": "nix-community",
        "repo": "fenix",
        "type": "github"
      }
    },
    "flake-utils": {
      "inputs": {
        "systems": "systems"
      },
      "locked": {
        "lastModified": 1731533236,
        "narHash": "sha256-l0KFg5HjrsfsO/JpG+r7fRrqm12kzFHyUHqHCVpMMbI=",
        "owner": "numtide",
        "repo": "flake-utils",
        "rev": "11707dc2f618dd54ca8739b309ec4fc024de578b",
        "type": "github"
      },
      "original": {
        "owner": "numtide",
        "repo": "flake-utils",
        "type": "github"
      }
    },
    "gke-auth-module": {
      "flake": false,
      "locked": {
        "lastModified": 1734593572,
        "narHash": "sha256-6u50l4lcgCqIaCpA8GR18pOtFvNfO0uFcm/cW/lmFGQ=",
        "owner": "traviswt",
        "repo": "gke-auth-plugin",
        "rev": "012fb1a452a9bad8f9d1bc7c566afe7789e04593",
        "type": "github"
      },
      "original": {
        "owner": "traviswt",
        "repo": "gke-auth-plugin",
        "type": "github"
      }
    },
    "gruvbox-baby-plugin": {
      "flake": false,
      "locked": {
        "lastModified": 1708966258,
        "narHash": "sha256-Eqg0LAxuHC4Ai1AYnHP/OG0SO781nrkWA0CITMBbqKs=",
        "owner": "valdemargr",
        "repo": "gruvbox-baby",
        "rev": "d005d431de5343ea7640d1c3b57570c89f992ac4",
        "type": "github"
      },
      "original": {
        "owner": "valdemargr",
        "repo": "gruvbox-baby",
        "rev": "d005d431de5343ea7640d1c3b57570c89f992ac4",
        "type": "github"
      }
    },
    "home-manager": {
      "inputs": {
        "nixpkgs": [
          "nixpkgs"
        ]
      },
      "locked": {
        "lastModified": 1744223888,
        "narHash": "sha256-reYpe0J1J+wH34JFs7KKp0G5nP7+XSQ5z0ZLFJcfJr8=",
        "owner": "nix-community",
        "repo": "home-manager",
        "rev": "79461936709b12e17adb9c91dd02d1c66d577f09",
        "type": "github"
      },
      "original": {
        "owner": "nix-community",
        "repo": "home-manager",
        "type": "github"
      }
    },
    "hop-plugin": {
      "flake": false,
      "locked": {
        "lastModified": 1694283445,
        "narHash": "sha256-SnuFeD/lrMxKtpBRPgIwdG0kVF7BWe02PiV7URVDASI=",
        "owner": "phaazon",
        "repo": "hop.nvim",
        "rev": "1a1eceafe54b5081eae4cb91c723abd1d450f34b",
        "type": "github"
      },
      "original": {
        "owner": "phaazon",
        "repo": "hop.nvim",
        "type": "github"
      }
    },
    "leap-nvim-plugin": {
      "flake": false,
      "locked": {
        "lastModified": 1740786488,
        "narHash": "sha256-VHCFaUsjiY9fs3nXHqMKATWJtH38WWVsQ04Hro8bB2c=",
        "owner": "ggandor",
        "repo": "leap.nvim",
        "rev": "346a16ef942635a8ca5ff92e603d07e7e8be6cbe",
        "type": "github"
      },
      "original": {
        "owner": "ggandor",
        "repo": "leap.nvim",
        "type": "github"
      }
    },
    "nixpkgs": {
      "locked": {
        "lastModified": 1744098102,
        "narHash": "sha256-tzCdyIJj9AjysC3OuKA+tMD/kDEDAF9mICPDU7ix0JA=",
        "owner": "NixOS",
        "repo": "nixpkgs",
        "rev": "c8cd81426f45942bb2906d5ed2fe21d2f19d95b7",
        "type": "github"
      },
      "original": {
        "id": "nixpkgs",
        "ref": "nixos-unstable",
        "type": "indirect"
      }
    },
    "nvim-cmp-plugin": {
      "flake": false,
      "locked": {
        "lastModified": 1743496779,
        "narHash": "sha256-YC2ehgS759GzRUySPqmb1NQFxJ9HnP731oVYptWU3Xk=",
        "owner": "hrsh7th",
        "repo": "nvim-cmp",
        "rev": "059e89495b3ec09395262f16b1ad441a38081d04",
        "type": "github"
      },
      "original": {
        "owner": "hrsh7th",
        "repo": "nvim-cmp",
        "type": "github"
      }
    },
    "nvim-lspconfig-plugin": {
      "flake": false,
      "locked": {
        "lastModified": 1744193461,
        "narHash": "sha256-FIApHvW6TNvAEGgdRo6xHOhvlqYrDxVNOsCx+noh2iA=",
        "owner": "neovim",
        "repo": "nvim-lspconfig",
        "rev": "94dda50b2d9a29d0b76562a9027029538840e2d7",
        "type": "github"
      },
      "original": {
        "owner": "neovim",
        "repo": "nvim-lspconfig",
        "type": "github"
      }
    },
    "nvim-metals-plugin": {
      "flake": false,
      "locked": {
        "lastModified": 1743764593,
        "narHash": "sha256-kL7WQm+ybe0dGOKvbmoMZl18D3yt9483KE4YlwEY7Ew=",
        "owner": "scalameta",
        "repo": "nvim-metals",
        "rev": "bc896458ac639dea568e8dc06862074f8cba7fa3",
        "type": "github"
      },
      "original": {
        "owner": "scalameta",
        "repo": "nvim-metals",
        "type": "github"
      }
    },
    "nvim-tree-plugin": {
      "flake": false,
      "locked": {
        "lastModified": 1743748178,
        "narHash": "sha256-az/LmM7neWWUtoA3bfp8e7UpXS2c9BVOroifLSWtp5s=",
        "owner": "kyazdani42",
        "repo": "nvim-tree.lua",
        "rev": "c3c193594213c5e2f89ec5d7729cad805f76b256",
        "type": "github"
      },
      "original": {
        "owner": "kyazdani42",
        "repo": "nvim-tree.lua",
        "type": "github"
      }
    },
    "nvim-web-devicons-plugin": {
      "flake": false,
      "locked": {
        "lastModified": 1743987956,
        "narHash": "sha256-EXs2ErtvhSqHB5cXSmgj4Y3nfv6exP19xGiVqYQ+gRs=",
        "owner": "kyazdani42",
        "repo": "nvim-web-devicons",
        "rev": "57dfa947cc88cdf1baa2c7e13ed31edddd8fb1d1",
        "type": "github"
      },
      "original": {
        "owner": "kyazdani42",
        "repo": "nvim-web-devicons",
        "type": "github"
      }
    },
    "octo-plugin": {
      "flake": false,
      "locked": {
        "lastModified": 1744229746,
        "narHash": "sha256-f6oc+q/xOWNROpV1RSs8XgTnF8K0i8hWe3OPpTDqZ4o=",
        "owner": "pwntester",
        "repo": "octo.nvim",
        "rev": "ad981e343c1de1637eaa870be0b5e56be673b1d0",
        "type": "github"
      },
      "original": {
        "owner": "pwntester",
        "repo": "octo.nvim",
        "type": "github"
      }
    },
    "oil-nvim-plugin": {
      "flake": false,
      "locked": {
        "lastModified": 1743397102,
        "narHash": "sha256-r1yGuS40xVJERyWFh+tWWEqKbm2jCweT81Bd5ysIu5Q=",
        "owner": "stevearc",
        "repo": "oil.nvim",
        "rev": "302bbaceeafc690e6419e0c8296e804d60cb9446",
        "type": "github"
      },
      "original": {
        "owner": "stevearc",
        "repo": "oil.nvim",
        "type": "github"
      }
    },
    "pgsql-plugin": {
      "flake": false,
      "locked": {
        "lastModified": 1638993234,
        "narHash": "sha256-XMv3cU73X5TtAfCHexlIWWcMcHoiJcGMCsw1ZuWV6Xw=",
        "owner": "lifepillar",
        "repo": "pgsql.vim",
        "rev": "736c9899163a7f4e212c1675d8a1fe42570a027a",
        "type": "github"
      },
      "original": {
        "owner": "lifepillar",
        "repo": "pgsql.vim",
        "type": "github"
      }
    },
    "playground-plugin": {
      "flake": false,
      "locked": {
        "lastModified": 1694797903,
        "narHash": "sha256-gOQr61Y3bVa6EAb0P924X9SJmg9lOmGiLcFTMdgu8u0=",
        "owner": "nvim-treesitter",
        "repo": "playground",
        "rev": "ba48c6a62a280eefb7c85725b0915e021a1a0749",
        "type": "github"
      },
      "original": {
        "owner": "nvim-treesitter",
        "repo": "playground",
        "type": "github"
      }
    },
    "plenary-plugin": {
      "flake": false,
      "locked": {
        "lastModified": 1697031827,
        "narHash": "sha256-zR44d9MowLG1lIbvrRaFTpO/HXKKrO6lbtZfvvTdx+o=",
        "owner": "nvim-lua",
        "repo": "plenary.nvim",
        "rev": "50012918b2fc8357b87cff2a7f7f0446e47da174",
        "type": "github"
      },
      "original": {
        "owner": "nvim-lua",
        "repo": "plenary.nvim",
        "rev": "50012918b2fc8357b87cff2a7f7f0446e47da174",
        "type": "github"
      }
    },
    "popup-plugin": {
      "flake": false,
      "locked": {
        "lastModified": 1637254091,
        "narHash": "sha256-dNWz/xovUg55fDZUpVs/2kLphk3lqQyvPtc9ATwbeSQ=",
        "owner": "nvim-lua",
        "repo": "popup.nvim",
        "rev": "b7404d35d5d3548a82149238289fa71f7f6de4ac",
        "type": "github"
      },
      "original": {
        "owner": "nvim-lua",
        "repo": "popup.nvim",
        "type": "github"
      }
    },
    "rofi-unicode-list": {
      "flake": false,
      "locked": {
        "lastModified": 1612670013,
        "narHash": "sha256-qmzMmf2vmsKmQR8Q7j3ede1vyhh30XIXx2URrblYz04=",
        "owner": "akhiljalagam",
        "repo": "rofi-fontawesome",
        "rev": "a2b897207a18db1a86aa43278307e4bff4e6d958",
        "type": "github"
      },
      "original": {
        "owner": "akhiljalagam",
        "repo": "rofi-fontawesome",
        "type": "github"
      }
    },
    "root": {
      "inputs": {
        "cmp-buffer-plugin": "cmp-buffer-plugin",
        "cmp-calc-plugin": "cmp-calc-plugin",
        "cmp-copilot-plugin": "cmp-copilot-plugin",
        "cmp-git-plugin": "cmp-git-plugin",
        "cmp-nvim-lsp-plugin": "cmp-nvim-lsp-plugin",
        "cmp-nvim-lsp-signature-help-plugin": "cmp-nvim-lsp-signature-help-plugin",
        "cmp-path-plugin": "cmp-path-plugin",
        "cmp-treesitter-plugin": "cmp-treesitter-plugin",
        "copilot-vim-plugin": "copilot-vim-plugin",
        "fenix": "fenix",
        "flake-utils": "flake-utils",
        "gke-auth-module": "gke-auth-module",
        "gruvbox-baby-plugin": "gruvbox-baby-plugin",
        "home-manager": "home-manager",
        "hop-plugin": "hop-plugin",
        "leap-nvim-plugin": "leap-nvim-plugin",
        "nixpkgs": "nixpkgs",
        "nvim-cmp-plugin": "nvim-cmp-plugin",
        "nvim-lspconfig-plugin": "nvim-lspconfig-plugin",
        "nvim-metals-plugin": "nvim-metals-plugin",
        "nvim-tree-plugin": "nvim-tree-plugin",
        "nvim-web-devicons-plugin": "nvim-web-devicons-plugin",
        "octo-plugin": "octo-plugin",
        "oil-nvim-plugin": "oil-nvim-plugin",
        "pgsql-plugin": "pgsql-plugin",
        "playground-plugin": "playground-plugin",
        "plenary-plugin": "plenary-plugin",
        "popup-plugin": "popup-plugin",
        "rofi-unicode-list": "rofi-unicode-list",
        "sql-plugin": "sql-plugin",
        "telescope-fzf-native": "telescope-fzf-native",
        "telescope-live-grep-args-plugin": "telescope-live-grep-args-plugin",
        "telescope-nvim-plugin": "telescope-nvim-plugin",
        "undotree-plugin": "undotree-plugin",
        "vim-commentary-plugin": "vim-commentary-plugin",
        "vim-devicons-plugin": "vim-devicons-plugin",
        "vim-fugitive-plugin": "vim-fugitive-plugin",
        "vim-harpoon-plugin": "vim-harpoon-plugin",
        "vim-lastplace-plugin": "vim-lastplace-plugin",
        "vim-rescript-plugin": "vim-rescript-plugin",
        "vim-rhubarb-plugin": "vim-rhubarb-plugin",
        "vim-surround-plugin": "vim-surround-plugin",
        "vim-terraform-plugin": "vim-terraform-plugin"
      }
    },
    "rust-analyzer-src": {
      "flake": false,
      "locked": {
        "lastModified": 1742296961,
        "narHash": "sha256-gCpvEQOrugHWLimD1wTFOJHagnSEP6VYBDspq96Idu0=",
        "owner": "rust-lang",
        "repo": "rust-analyzer",
        "rev": "15d87419f1a123d8f888d608129c3ce3ff8f13d4",
        "type": "github"
      },
      "original": {
        "owner": "rust-lang",
        "ref": "nightly",
        "repo": "rust-analyzer",
        "type": "github"
      }
    },
    "sql-plugin": {
      "flake": false,
      "locked": {
        "lastModified": 1741959551,
        "narHash": "sha256-u6Mo+3hg3miqR4EmsoGZhajxiIk24+y5N+YdNW36/JQ=",
        "owner": "tami5",
        "repo": "sql.nvim",
        "rev": "50092d60feb242602d7578398c6eb53b4a8ffe7b",
        "type": "github"
      },
      "original": {
        "owner": "tami5",
        "repo": "sql.nvim",
        "type": "github"
      }
    },
    "systems": {
      "locked": {
        "lastModified": 1681028828,
        "narHash": "sha256-Vy1rq5AaRuLzOxct8nz4T6wlgyUR7zLU309k9mBC768=",
        "owner": "nix-systems",
        "repo": "default",
        "rev": "da67096a3b9bf56a91d16901293e51ba5b49a27e",
        "type": "github"
      },
      "original": {
        "owner": "nix-systems",
        "repo": "default",
        "type": "github"
      }
    },
    "telescope-fzf-native": {
      "flake": false,
      "locked": {
        "lastModified": 1741765009,
        "narHash": "sha256-Zyv8ikxdwoUiDD0zsqLzfhBVOm/nKyJdZpndxXEB6ow=",
        "owner": "nvim-telescope",
        "repo": "telescope-fzf-native.nvim",
        "rev": "1f08ed60cafc8f6168b72b80be2b2ea149813e55",
        "type": "github"
      },
      "original": {
        "owner": "nvim-telescope",
        "repo": "telescope-fzf-native.nvim",
        "type": "github"
      }
    },
    "telescope-live-grep-args-plugin": {
      "flake": false,
      "locked": {
        "lastModified": 1740416323,
        "narHash": "sha256-VmX7K21v3lErm7f5I7/1rJ/+fSbFxZPrbDokra9lZpQ=",
        "owner": "nvim-telescope",
        "repo": "telescope-live-grep-args.nvim",
        "rev": "b80ec2c70ec4f32571478b501218c8979fab5201",
        "type": "github"
      },
      "original": {
        "owner": "nvim-telescope",
        "repo": "telescope-live-grep-args.nvim",
        "type": "github"
      }
    },
    "telescope-nvim-plugin": {
      "flake": false,
      "locked": {
        "lastModified": 1742346322,
        "narHash": "sha256-GF1zOHZItVZm3bx2wqI4hPj7EXQJ2F9KS4MtaEt2gm0=",
        "owner": "nvim-telescope",
        "repo": "telescope.nvim",
        "rev": "a4ed82509cecc56df1c7138920a1aeaf246c0ac5",
        "type": "github"
      },
      "original": {
        "owner": "nvim-telescope",
        "repo": "telescope.nvim",
        "type": "github"
      }
    },
    "undotree-plugin": {
      "flake": false,
      "locked": {
        "lastModified": 1688756648,
        "narHash": "sha256-aB2ikgOVXGRGtBemNcrGwzH51Ab4DVjRUXpku7fepZc=",
        "owner": "mbbill",
        "repo": "undotree",
        "rev": "0e11ba7325efbbb3f3bebe06213afa3e7ec75131",
        "type": "github"
      },
      "original": {
        "owner": "mbbill",
        "repo": "undotree",
        "rev": "0e11ba7325efbbb3f3bebe06213afa3e7ec75131",
        "type": "github"
      }
    },
    "vim-commentary-plugin": {
      "flake": false,
      "locked": {
        "lastModified": 1729562730,
        "narHash": "sha256-0a45pvYAbMxwN2URFX1lxIFBwWCq46LPai2GnGuL0Uo=",
        "owner": "tpope",
        "repo": "vim-commentary",
        "rev": "64a654ef4a20db1727938338310209b6a63f60c9",
        "type": "github"
      },
      "original": {
        "owner": "tpope",
        "repo": "vim-commentary",
        "type": "github"
      }
    },
    "vim-devicons-plugin": {
      "flake": false,
      "locked": {
        "lastModified": 1664648913,
        "narHash": "sha256-9g3UdBcc34MR/BrKYqOki2Ge29k/QaRMsnyY+Pq9UE8=",
        "owner": "ryanoasis",
        "repo": "vim-devicons",
        "rev": "71f239af28b7214eebb60d4ea5bd040291fb7e33",
        "type": "github"
      },
      "original": {
        "owner": "ryanoasis",
        "repo": "vim-devicons",
        "type": "github"
      }
    },
    "vim-fugitive-plugin": {
      "flake": false,
      "locked": {
        "lastModified": 1696899192,
        "narHash": "sha256-poNiZqRMuw2+xlPsY8BIA3OCjRCpbh7uAyaWmlgPCUs=",
        "owner": "tpope",
        "repo": "vim-fugitive",
        "rev": "cbe9dfa162c178946afa689dd3f42d4ea8bf89c1",
        "type": "github"
      },
      "original": {
        "owner": "tpope",
        "repo": "vim-fugitive",
        "rev": "cbe9dfa162c178946afa689dd3f42d4ea8bf89c1",
        "type": "github"
      }
    },
    "vim-harpoon-plugin": {
      "flake": false,
      "locked": {
        "lastModified": 1724948422,
        "narHash": "sha256-ksPNAYnaFbq7N5ifF+RFbLexLW2Lm1ey0agHLzhn9GA=",
        "owner": "ThePrimeagen",
        "repo": "harpoon",
        "rev": "1bc17e3e42ea3c46b33c0bbad6a880792692a1b3",
        "type": "github"
      },
      "original": {
        "owner": "ThePrimeagen",
        "ref": "master",
        "repo": "harpoon",
        "type": "github"
      }
    },
    "vim-lastplace-plugin": {
      "flake": false,
      "locked": {
        "lastModified": 1715994909,
        "narHash": "sha256-6/Gl7l3ImGqfKkOp0kkHdSQhRCw3jM2NyzRuQfAqAh4=",
        "owner": "farmergreg",
        "repo": "vim-lastplace",
        "rev": "e58cb0df716d3c88605ae49db5c4741db8b48aa9",
        "type": "github"
      },
      "original": {
        "owner": "farmergreg",
        "repo": "vim-lastplace",
        "type": "github"
      }
    },
    "vim-rescript-plugin": {
      "flake": false,
      "locked": {
        "lastModified": 1701197410,
        "narHash": "sha256-JpEO1Zb+mm9dJISriticFmtPeVwZGpUAFv18wV6/dIg=",
        "owner": "rescript-lang",
        "repo": "vim-rescript",
        "rev": "2065f4e1d319ffd4ff7046879f270ebbadda873e",
        "type": "github"
      },
      "original": {
        "owner": "rescript-lang",
        "repo": "vim-rescript",
        "rev": "2065f4e1d319ffd4ff7046879f270ebbadda873e",
        "type": "github"
      }
    },
    "vim-rhubarb-plugin": {
      "flake": false,
      "locked": {
        "lastModified": 1680085333,
        "narHash": "sha256-8zeQMLzNBWmXZ5daCOmsHkw6MIwWislArYF5zDdrwOg=",
        "owner": "tpope",
        "repo": "vim-rhubarb",
        "rev": "ee69335de176d9325267b0fd2597a22901d927b1",
        "type": "github"
      },
      "original": {
        "owner": "tpope",
        "repo": "vim-rhubarb",
        "rev": "ee69335de176d9325267b0fd2597a22901d927b1",
        "type": "github"
      }
    },
    "vim-surround-plugin": {
      "flake": false,
      "locked": {
        "lastModified": 1666730476,
        "narHash": "sha256-DZE5tkmnT+lAvx/RQHaDEgEJXRKsy56KJY919xiH1lE=",
        "owner": "tpope",
        "repo": "vim-surround",
        "rev": "3d188ed2113431cf8dac77be61b842acb64433d9",
        "type": "github"
      },
      "original": {
        "owner": "tpope",
        "repo": "vim-surround",
        "type": "github"
      }
    },
    "vim-terraform-plugin": {
      "flake": false,
      "locked": {
        "lastModified": 1737360319,
        "narHash": "sha256-I2L37E2TBE3ZuK5I3xwqxmGdrwbzEMI3Keqz8k0fBdk=",
        "owner": "hashivim",
        "repo": "vim-terraform",
        "rev": "8912ca1be3025a1c9fab193618f3b99517e01973",
        "type": "github"
      },
      "original": {
        "owner": "hashivim",
        "repo": "vim-terraform",
        "type": "github"
      }
    }
  },
  "root": "root",
  "version": 7
}
