{
  "nodes": {
    "flake-utils": {
      "inputs": {
        "systems": "systems"
      },
      "locked": {
        "lastModified": 1694529238,
        "narHash": "sha256-zsNZZGTGnMOf9YpHKJqMSsa0dXbfmxeoJ7xHlrt+xmY=",
        "owner": "numtide",
        "repo": "flake-utils",
        "rev": "ff7b65b44d01cf9ba6a71320833626af21126384",
        "type": "github"
      },
      "original": {
        "owner": "numtide",
        "repo": "flake-utils",
        "type": "github"
      }
    },
    "gruvbox-baby-plugin": {
      "flake": false,
      "locked": {
        "lastModified": 1695824412,
        "narHash": "sha256-NcwyDtqvYxjBQm5hWsfuYjO1A8fpxZKF2D8qhvOiN2k=",
        "owner": "valdemargr",
        "repo": "gruvbox-baby",
        "rev": "f65fe30691db64e8ca32aa6fba0cf07703adca28",
        "type": "github"
      },
      "original": {
        "owner": "valdemargr",
        "repo": "gruvbox-baby",
        "rev": "f65fe30691db64e8ca32aa6fba0cf07703adca28",
        "type": "github"
      }
    },
    "home-manager": {
      "inputs": {
        "nixpkgs": [
          "nixpkgs"
        ]
      },
      "locked": {
        "lastModified": 1697662575,
        "narHash": "sha256-fVtd4Le9edB831xyGWu0aqSfg6YVbkCNMX/IE3SUIdk=",
        "owner": "nix-community",
        "repo": "home-manager",
        "rev": "3433206e51766b4164dad368a81325efbf343fbe",
        "type": "github"
      },
      "original": {
        "owner": "nix-community",
        "repo": "home-manager",
        "type": "github"
      }
    },
    "nixpkgs": {
      "locked": {
        "lastModified": 1697456312,
        "narHash": "sha256-roiSnrqb5r+ehnKCauPLugoU8S36KgmWraHgRqVYndo=",
        "owner": "NixOS",
        "repo": "nixpkgs",
        "rev": "ca012a02bf8327be9e488546faecae5e05d7d749",
        "type": "github"
      },
      "original": {
        "id": "nixpkgs",
        "ref": "nixos-unstable",
        "type": "indirect"
      }
    },
    "nvim-metals-plugin": {
      "flake": false,
      "locked": {
        "lastModified": 1697807988,
        "narHash": "sha256-AdnMMwuiLMj2g0gRgqo4xHwkmwLqqyYgevE0de8nAeU=",
        "owner": "scalameta",
        "repo": "nvim-metals",
        "rev": "dfcb4f5d915fbc98e6b9b910fbe975b2fbda3227",
        "type": "github"
      },
      "original": {
        "owner": "scalameta",
        "repo": "nvim-metals",
        "rev": "dfcb4f5d915fbc98e6b9b910fbe975b2fbda3227",
        "type": "github"
      }
    },
    "nvim-telescope-plugin": {
      "flake": false,
      "locked": {
        "lastModified": 1697004956,
        "narHash": "sha256-7SqYFnfCjotOBhuX6Wx1IOhgMKoxaoI1a4SKz1d5RVM=",
        "owner": "nvim-telescope",
        "repo": "telescope.nvim",
        "rev": "7011eaae0ac1afe036e30c95cf80200b8dc3f21a",
        "type": "github"
      },
      "original": {
        "owner": "nvim-telescope",
        "repo": "telescope.nvim",
        "rev": "7011eaae0ac1afe036e30c95cf80200b8dc3f21a",
        "type": "github"
      }
    },
    "plenary-plugin": {
      "flake": false,
      "locked": {
        "lastModified": 1697031827,
        "narHash": "sha256-zR44d9MowLG1lIbvrRaFTpO/HXKKrO6lbtZfvvTdx+o=",
        "owner": "nvim-lua",
        "repo": "plenary.nvim",
        "rev": "50012918b2fc8357b87cff2a7f7f0446e47da174",
        "type": "github"
      },
      "original": {
        "owner": "nvim-lua",
        "repo": "plenary.nvim",
        "rev": "50012918b2fc8357b87cff2a7f7f0446e47da174",
        "type": "github"
      }
    },
    "rofi-unicode-list": {
      "flake": false,
      "locked": {
        "lastModified": 1612670013,
        "narHash": "sha256-qmzMmf2vmsKmQR8Q7j3ede1vyhh30XIXx2URrblYz04=",
        "owner": "akhiljalagam",
        "repo": "rofi-fontawesome",
        "rev": "a2b897207a18db1a86aa43278307e4bff4e6d958",
        "type": "github"
      },
      "original": {
        "owner": "akhiljalagam",
        "repo": "rofi-fontawesome",
        "type": "github"
      }
    },
    "root": {
      "inputs": {
        "flake-utils": "flake-utils",
        "gruvbox-baby-plugin": "gruvbox-baby-plugin",
        "home-manager": "home-manager",
        "nixpkgs": "nixpkgs",
        "nvim-metals-plugin": "nvim-metals-plugin",
        "nvim-telescope-plugin": "nvim-telescope-plugin",
        "plenary-plugin": "plenary-plugin",
        "rofi-unicode-list": "rofi-unicode-list",
        "undotree-plugin": "undotree-plugin",
        "vim-fugitive-plugin": "vim-fugitive-plugin",
        "vim-rhubarb-plugin": "vim-rhubarb-plugin"
      }
    },
    "systems": {
      "locked": {
        "lastModified": 1681028828,
        "narHash": "sha256-Vy1rq5AaRuLzOxct8nz4T6wlgyUR7zLU309k9mBC768=",
        "owner": "nix-systems",
        "repo": "default",
        "rev": "da67096a3b9bf56a91d16901293e51ba5b49a27e",
        "type": "github"
      },
      "original": {
        "owner": "nix-systems",
        "repo": "default",
        "type": "github"
      }
    },
    "undotree-plugin": {
      "flake": false,
      "locked": {
        "lastModified": 1688756648,
        "narHash": "sha256-aB2ikgOVXGRGtBemNcrGwzH51Ab4DVjRUXpku7fepZc=",
        "owner": "mbbill",
        "repo": "undotree",
        "rev": "0e11ba7325efbbb3f3bebe06213afa3e7ec75131",
        "type": "github"
      },
      "original": {
        "owner": "mbbill",
        "repo": "undotree",
        "rev": "0e11ba7325efbbb3f3bebe06213afa3e7ec75131",
        "type": "github"
      }
    },
    "vim-fugitive-plugin": {
      "flake": false,
      "locked": {
        "lastModified": 1696899192,
        "narHash": "sha256-poNiZqRMuw2+xlPsY8BIA3OCjRCpbh7uAyaWmlgPCUs=",
        "owner": "tpope",
        "repo": "vim-fugitive",
        "rev": "cbe9dfa162c178946afa689dd3f42d4ea8bf89c1",
        "type": "github"
      },
      "original": {
        "owner": "tpope",
        "repo": "vim-fugitive",
        "rev": "cbe9dfa162c178946afa689dd3f42d4ea8bf89c1",
        "type": "github"
      }
    },
    "vim-rhubarb-plugin": {
      "flake": false,
      "locked": {
        "lastModified": 1680085333,
        "narHash": "sha256-8zeQMLzNBWmXZ5daCOmsHkw6MIwWislArYF5zDdrwOg=",
        "owner": "tpope",
        "repo": "vim-rhubarb",
        "rev": "ee69335de176d9325267b0fd2597a22901d927b1",
        "type": "github"
      },
      "original": {
        "owner": "tpope",
        "repo": "vim-rhubarb",
        "rev": "ee69335de176d9325267b0fd2597a22901d927b1",
        "type": "github"
      }
    }
  },
  "root": "root",
  "version": 7
}
