{
  "nodes": {
    "cmp-buffer-plugin": {
      "flake": false,
      "locked": {
        "lastModified": 1660101488,
        "narHash": "sha256-dG4U7MtnXThoa/PD+qFtCt76MQ14V1wX8GMYcvxEnbM=",
        "owner": "hrsh7th",
        "repo": "cmp-buffer",
        "rev": "3022dbc9166796b644a841a02de8dd1cc1d311fa",
        "type": "github"
      },
      "original": {
        "owner": "hrsh7th",
        "repo": "cmp-buffer",
        "type": "github"
      }
    },
    "cmp-calc-plugin": {
      "flake": false,
      "locked": {
        "lastModified": 1692345454,
        "narHash": "sha256-jQITlxWmB5luJtaq2ztXhn/l2L3s3rxGBZWAfXKenO0=",
        "owner": "hrsh7th",
        "repo": "cmp-calc",
        "rev": "ce91d14d2e7a8b3f6ad86d85e34d41c1ae6268d9",
        "type": "github"
      },
      "original": {
        "owner": "hrsh7th",
        "repo": "cmp-calc",
        "type": "github"
      }
    },
    "cmp-copilot-plugin": {
      "flake": false,
      "locked": {
        "lastModified": 1649687630,
        "narHash": "sha256-2j3Y2vvBHXLD+fPH7fbvjKadd6X/uuHI0ajkjTJR35I=",
        "owner": "hrsh7th",
        "repo": "cmp-copilot",
        "rev": "1f3f31c54bd71e41ed157430702bc2837ea582ab",
        "type": "github"
      },
      "original": {
        "owner": "hrsh7th",
        "repo": "cmp-copilot",
        "type": "github"
      }
    },
    "cmp-git-plugin": {
      "flake": false,
      "locked": {
        "lastModified": 1685409535,
        "narHash": "sha256-McIYDGXu+tSaY/U6eu1XouSHto/mSpJ/i4Z4UKYa+mk=",
        "owner": "petertriho",
        "repo": "cmp-git",
        "rev": "f900a4cf117300fdc3ba31d26f8b6223ccd9c574",
        "type": "github"
      },
      "original": {
        "owner": "petertriho",
        "repo": "cmp-git",
        "type": "github"
      }
    },
    "cmp-nvim-lsp-plugin": {
      "flake": false,
      "locked": {
        "lastModified": 1687494203,
        "narHash": "sha256-mU0soCz79erJXMMqD/FyrJZ0mu2n6fE0deymPzQlxts=",
        "owner": "hrsh7th",
        "repo": "cmp-nvim-lsp",
        "rev": "44b16d11215dce86f253ce0c30949813c0a90765",
        "type": "github"
      },
      "original": {
        "owner": "hrsh7th",
        "repo": "cmp-nvim-lsp",
        "type": "github"
      }
    },
    "cmp-nvim-lsp-signature-help-plugin": {
      "flake": false,
      "locked": {
        "lastModified": 1675422985,
        "narHash": "sha256-yDxYvjTIeXIKYR3tg+bf+okXKr5JYc/I9obP+6uKey4=",
        "owner": "hrsh7th",
        "repo": "cmp-nvim-lsp-signature-help",
        "rev": "3d8912ebeb56e5ae08ef0906e3a54de1c66b92f1",
        "type": "github"
      },
      "original": {
        "owner": "hrsh7th",
        "repo": "cmp-nvim-lsp-signature-help",
        "type": "github"
      }
    },
    "cmp-path-plugin": {
      "flake": false,
      "locked": {
        "lastModified": 1664784283,
        "narHash": "sha256-thppiiV3wjIaZnAXmsh7j3DUc6ceSCvGzviwFUnoPaI=",
        "owner": "hrsh7th",
        "repo": "cmp-path",
        "rev": "91ff86cd9c29299a64f968ebb45846c485725f23",
        "type": "github"
      },
      "original": {
        "owner": "hrsh7th",
        "repo": "cmp-path",
        "type": "github"
      }
    },
    "cmp-treesitter-plugin": {
      "flake": false,
      "locked": {
        "lastModified": 1696562333,
        "narHash": "sha256-8/BOWszkyHC4bcvsvdb0GgOc+tl9NIARFK8pfCRE3wU=",
        "owner": "ray-x",
        "repo": "cmp-treesitter",
        "rev": "b8bc760dfcc624edd5454f0982b63786a822eed9",
        "type": "github"
      },
      "original": {
        "owner": "ray-x",
        "repo": "cmp-treesitter",
        "type": "github"
      }
    },
    "copilot-vim-plugin": {
      "flake": false,
      "locked": {
        "lastModified": 1698880619,
        "narHash": "sha256-yuaG4kOSXSivFQCvc6iEZP230tlaFoXcZb0WxBjeWdA=",
        "owner": "github",
        "repo": "copilot.vim",
        "rev": "309b3c803d1862d5e84c7c9c5749ae04010123b8",
        "type": "github"
      },
      "original": {
        "owner": "github",
        "repo": "copilot.vim",
        "type": "github"
      }
    },
    "flake-compat": {
      "flake": false,
      "locked": {
        "lastModified": 1696426674,
        "narHash": "sha256-kvjfFW7WAETZlt09AgDn1MrtKzP7t90Vf7vypd3OL1U=",
        "owner": "edolstra",
        "repo": "flake-compat",
        "rev": "0f9255e01c2351cc7d116c072cb317785dd33b33",
        "type": "github"
      },
      "original": {
        "owner": "edolstra",
        "repo": "flake-compat",
        "type": "github"
      }
    },
    "flake-utils": {
      "inputs": {
        "systems": "systems"
      },
      "locked": {
        "lastModified": 1694529238,
        "narHash": "sha256-zsNZZGTGnMOf9YpHKJqMSsa0dXbfmxeoJ7xHlrt+xmY=",
        "owner": "numtide",
        "repo": "flake-utils",
        "rev": "ff7b65b44d01cf9ba6a71320833626af21126384",
        "type": "github"
      },
      "original": {
        "owner": "numtide",
        "repo": "flake-utils",
        "type": "github"
      }
    },
    "gke-auth-module": {
      "flake": false,
      "locked": {
        "lastModified": 1687561662,
        "narHash": "sha256-AAtWPABAy1u3g+KeJHaTD/BzXxR5rS/w3GLVrw3auDQ=",
        "owner": "traviswt",
        "repo": "gke-auth-plugin",
        "rev": "7b40450b6d499424b0180a692659c4923d82ce51",
        "type": "github"
      },
      "original": {
        "owner": "traviswt",
        "repo": "gke-auth-plugin",
        "type": "github"
      }
    },
    "gruvbox-baby-plugin": {
      "flake": false,
      "locked": {
        "lastModified": 1695824412,
        "narHash": "sha256-NcwyDtqvYxjBQm5hWsfuYjO1A8fpxZKF2D8qhvOiN2k=",
        "owner": "valdemargr",
        "repo": "gruvbox-baby",
        "rev": "f65fe30691db64e8ca32aa6fba0cf07703adca28",
        "type": "github"
      },
      "original": {
        "owner": "valdemargr",
        "repo": "gruvbox-baby",
        "rev": "f65fe30691db64e8ca32aa6fba0cf07703adca28",
        "type": "github"
      }
    },
    "home-manager": {
      "inputs": {
        "nixpkgs": [
          "nixpkgs"
        ]
      },
      "locked": {
        "lastModified": 1700419052,
        "narHash": "sha256-U6a5f9ynbzcp8PMIHULbHPkbwp7YfPKOYmTcLqlalD4=",
        "owner": "nix-community",
        "repo": "home-manager",
        "rev": "993fb02d20760067b8ee19c713d94cee07037759",
        "type": "github"
      },
      "original": {
        "owner": "nix-community",
        "repo": "home-manager",
        "type": "github"
      }
    },
    "hop-plugin": {
      "flake": false,
      "locked": {
        "lastModified": 1694283445,
        "narHash": "sha256-SnuFeD/lrMxKtpBRPgIwdG0kVF7BWe02PiV7URVDASI=",
        "owner": "phaazon",
        "repo": "hop.nvim",
        "rev": "1a1eceafe54b5081eae4cb91c723abd1d450f34b",
        "type": "github"
      },
      "original": {
        "owner": "phaazon",
        "repo": "hop.nvim",
        "type": "github"
      }
    },
    "leap-nvim-plugin": {
      "flake": false,
      "locked": {
        "lastModified": 1697971449,
        "narHash": "sha256-4QOppFXF/XfmVcRoC3Z8fr2lksYQBC2fdph+Vp1zzqY=",
        "owner": "ggandor",
        "repo": "leap.nvim",
        "rev": "b6ae80f8fc9993638608fc1a51c6ab0eeb12618c",
        "type": "github"
      },
      "original": {
        "owner": "ggandor",
        "repo": "leap.nvim",
        "type": "github"
      }
    },
    "nixos-wsl": {
      "inputs": {
        "flake-compat": "flake-compat",
        "flake-utils": [
          "flake-utils"
        ],
        "nixpkgs": [
          "nixpkgs"
        ]
      },
      "locked": {
        "lastModified": 1700339097,
        "narHash": "sha256-02cnfL7PeBoKWtFOUlYANjNM3BI0KqTDTAdzQYn5uyI=",
        "owner": "nix-community",
        "repo": "NixOS-WSL",
        "rev": "4fc937d5e8339f52ce2d997a77376577b8e9a840",
        "type": "github"
      },
      "original": {
        "owner": "nix-community",
        "repo": "NixOS-WSL",
        "type": "github"
      }
    },
    "nixpkgs": {
      "locked": {
        "lastModified": 1700204040,
        "narHash": "sha256-xSVcS5HBYnD3LTer7Y2K8ZQCDCXMa3QUD1MzRjHzuhI=",
        "owner": "NixOS",
        "repo": "nixpkgs",
        "rev": "c757e9bd77b16ca2e03c89bf8bc9ecb28e0c06ad",
        "type": "github"
      },
      "original": {
        "id": "nixpkgs",
        "ref": "nixos-unstable",
        "type": "indirect"
      }
    },
    "nvim-cmp-plugin": {
      "flake": false,
      "locked": {
        "lastModified": 1699261102,
        "narHash": "sha256-auUHEjUDOaDkMI9loN6T+/whDDNzPl04bf+nqqLQ5+I=",
        "owner": "hrsh7th",
        "repo": "nvim-cmp",
        "rev": "0b751f6beef40fd47375eaf53d3057e0bfa317e4",
        "type": "github"
      },
      "original": {
        "owner": "hrsh7th",
        "repo": "nvim-cmp",
        "type": "github"
      }
    },
    "nvim-lspconfig-plugin": {
      "flake": false,
      "locked": {
        "lastModified": 1700378988,
        "narHash": "sha256-GluuKdPdCmXD++fCLjC5o0oAlMxcsCHbMm5rVxbmku8=",
        "owner": "neovim",
        "repo": "nvim-lspconfig",
        "rev": "6516abf5ac7d017480c8c8e08c0d24066bcb8d43",
        "type": "github"
      },
      "original": {
        "owner": "neovim",
        "repo": "nvim-lspconfig",
        "type": "github"
      }
    },
    "nvim-metals-plugin": {
      "flake": false,
      "locked": {
        "lastModified": 1697807988,
        "narHash": "sha256-AdnMMwuiLMj2g0gRgqo4xHwkmwLqqyYgevE0de8nAeU=",
        "owner": "scalameta",
        "repo": "nvim-metals",
        "rev": "dfcb4f5d915fbc98e6b9b910fbe975b2fbda3227",
        "type": "github"
      },
      "original": {
        "owner": "scalameta",
        "repo": "nvim-metals",
        "rev": "dfcb4f5d915fbc98e6b9b910fbe975b2fbda3227",
        "type": "github"
      }
    },
    "nvim-tree-plugin": {
      "flake": false,
      "locked": {
        "lastModified": 1700368312,
        "narHash": "sha256-QNJbj1H87SMrcguxhw6gAeIZNrBRUZLHpD8ikz8kcbA=",
        "owner": "kyazdani42",
        "repo": "nvim-tree.lua",
        "rev": "46e1f776f0a714099b9160604fbb62fba2540376",
        "type": "github"
      },
      "original": {
        "owner": "kyazdani42",
        "repo": "nvim-tree.lua",
        "type": "github"
      }
    },
    "nvim-web-devicons-plugin": {
      "flake": false,
      "locked": {
        "lastModified": 1700356677,
        "narHash": "sha256-EK/fF5hdMGp7aPl9cVeHwntAYon5xK93KB4qPYNCqBg=",
        "owner": "kyazdani42",
        "repo": "nvim-web-devicons",
        "rev": "e2f6e0e299e193d7e9c48634d355f7a6eb3020b4",
        "type": "github"
      },
      "original": {
        "owner": "kyazdani42",
        "repo": "nvim-web-devicons",
        "type": "github"
      }
    },
    "octo-plugin": {
      "flake": false,
      "locked": {
        "lastModified": 1699869583,
        "narHash": "sha256-0sXT2tIeLjM8ICPopJhaD5ORKq9QT62agIyXWpQLLfg=",
        "owner": "pwntester",
        "repo": "octo.nvim",
        "rev": "5d6bed660ff18878a9096b3acef9c444b85021ac",
        "type": "github"
      },
      "original": {
        "owner": "pwntester",
        "repo": "octo.nvim",
        "type": "github"
      }
    },
    "oil-nvim-plugin": {
      "flake": false,
      "locked": {
        "lastModified": 1700030998,
        "narHash": "sha256-2ccvLOXvmqk8bfWdF///XeuQZAcOTw877rlWOTQMsZ4=",
        "owner": "stevearc",
        "repo": "oil.nvim",
        "rev": "af04969c437e0c46a2b3c86d7892458e878ecc40",
        "type": "github"
      },
      "original": {
        "owner": "stevearc",
        "repo": "oil.nvim",
        "type": "github"
      }
    },
    "pgsql-plugin": {
      "flake": false,
      "locked": {
        "lastModified": 1638993234,
        "narHash": "sha256-XMv3cU73X5TtAfCHexlIWWcMcHoiJcGMCsw1ZuWV6Xw=",
        "owner": "lifepillar",
        "repo": "pgsql.vim",
        "rev": "736c9899163a7f4e212c1675d8a1fe42570a027a",
        "type": "github"
      },
      "original": {
        "owner": "lifepillar",
        "repo": "pgsql.vim",
        "type": "github"
      }
    },
    "playground-plugin": {
      "flake": false,
      "locked": {
        "lastModified": 1694797903,
        "narHash": "sha256-gOQr61Y3bVa6EAb0P924X9SJmg9lOmGiLcFTMdgu8u0=",
        "owner": "nvim-treesitter",
        "repo": "playground",
        "rev": "ba48c6a62a280eefb7c85725b0915e021a1a0749",
        "type": "github"
      },
      "original": {
        "owner": "nvim-treesitter",
        "repo": "playground",
        "type": "github"
      }
    },
    "plenary-plugin": {
      "flake": false,
      "locked": {
        "lastModified": 1697031827,
        "narHash": "sha256-zR44d9MowLG1lIbvrRaFTpO/HXKKrO6lbtZfvvTdx+o=",
        "owner": "nvim-lua",
        "repo": "plenary.nvim",
        "rev": "50012918b2fc8357b87cff2a7f7f0446e47da174",
        "type": "github"
      },
      "original": {
        "owner": "nvim-lua",
        "repo": "plenary.nvim",
        "rev": "50012918b2fc8357b87cff2a7f7f0446e47da174",
        "type": "github"
      }
    },
    "popup-plugin": {
      "flake": false,
      "locked": {
        "lastModified": 1637254091,
        "narHash": "sha256-dNWz/xovUg55fDZUpVs/2kLphk3lqQyvPtc9ATwbeSQ=",
        "owner": "nvim-lua",
        "repo": "popup.nvim",
        "rev": "b7404d35d5d3548a82149238289fa71f7f6de4ac",
        "type": "github"
      },
      "original": {
        "owner": "nvim-lua",
        "repo": "popup.nvim",
        "type": "github"
      }
    },
    "rofi-unicode-list": {
      "flake": false,
      "locked": {
        "lastModified": 1612670013,
        "narHash": "sha256-qmzMmf2vmsKmQR8Q7j3ede1vyhh30XIXx2URrblYz04=",
        "owner": "akhiljalagam",
        "repo": "rofi-fontawesome",
        "rev": "a2b897207a18db1a86aa43278307e4bff4e6d958",
        "type": "github"
      },
      "original": {
        "owner": "akhiljalagam",
        "repo": "rofi-fontawesome",
        "type": "github"
      }
    },
    "root": {
      "inputs": {
        "cmp-buffer-plugin": "cmp-buffer-plugin",
        "cmp-calc-plugin": "cmp-calc-plugin",
        "cmp-copilot-plugin": "cmp-copilot-plugin",
        "cmp-git-plugin": "cmp-git-plugin",
        "cmp-nvim-lsp-plugin": "cmp-nvim-lsp-plugin",
        "cmp-nvim-lsp-signature-help-plugin": "cmp-nvim-lsp-signature-help-plugin",
        "cmp-path-plugin": "cmp-path-plugin",
        "cmp-treesitter-plugin": "cmp-treesitter-plugin",
        "copilot-vim-plugin": "copilot-vim-plugin",
        "flake-utils": "flake-utils",
        "gke-auth-module": "gke-auth-module",
        "gruvbox-baby-plugin": "gruvbox-baby-plugin",
        "home-manager": "home-manager",
        "hop-plugin": "hop-plugin",
        "leap-nvim-plugin": "leap-nvim-plugin",
        "nixos-wsl": "nixos-wsl",
        "nixpkgs": "nixpkgs",
        "nvim-cmp-plugin": "nvim-cmp-plugin",
        "nvim-lspconfig-plugin": "nvim-lspconfig-plugin",
        "nvim-metals-plugin": "nvim-metals-plugin",
        "nvim-tree-plugin": "nvim-tree-plugin",
        "nvim-web-devicons-plugin": "nvim-web-devicons-plugin",
        "octo-plugin": "octo-plugin",
        "oil-nvim-plugin": "oil-nvim-plugin",
        "pgsql-plugin": "pgsql-plugin",
        "playground-plugin": "playground-plugin",
        "plenary-plugin": "plenary-plugin",
        "popup-plugin": "popup-plugin",
        "rofi-unicode-list": "rofi-unicode-list",
        "sql-plugin": "sql-plugin",
        "telescope-fzf-native": "telescope-fzf-native",
        "telescope-live-grep-args-plugin": "telescope-live-grep-args-plugin",
        "telescope-nvim-plugin": "telescope-nvim-plugin",
        "undotree-plugin": "undotree-plugin",
        "vim-commentary-plugin": "vim-commentary-plugin",
        "vim-devicons-plugin": "vim-devicons-plugin",
        "vim-fugitive-plugin": "vim-fugitive-plugin",
        "vim-harpoon-plugin": "vim-harpoon-plugin",
        "vim-lastplace-plugin": "vim-lastplace-plugin",
        "vim-rescript-plugin": "vim-rescript-plugin",
        "vim-rhubarb-plugin": "vim-rhubarb-plugin",
        "vim-surround-plugin": "vim-surround-plugin",
        "vim-terraform-plugin": "vim-terraform-plugin"
      }
    },
    "sql-plugin": {
      "flake": false,
      "locked": {
        "lastModified": 1681923697,
        "narHash": "sha256-XElCJGganIIh4T5K5kKZTbVYwVOXCtLF1fdc95NopDc=",
        "owner": "tami5",
        "repo": "sql.nvim",
        "rev": "b7e28c8463254c46a8e61c52d27d6a2040492fc3",
        "type": "github"
      },
      "original": {
        "owner": "tami5",
        "repo": "sql.nvim",
        "type": "github"
      }
    },
    "systems": {
      "locked": {
        "lastModified": 1681028828,
        "narHash": "sha256-Vy1rq5AaRuLzOxct8nz4T6wlgyUR7zLU309k9mBC768=",
        "owner": "nix-systems",
        "repo": "default",
        "rev": "da67096a3b9bf56a91d16901293e51ba5b49a27e",
        "type": "github"
      },
      "original": {
        "owner": "nix-systems",
        "repo": "default",
        "type": "github"
      }
    },
    "telescope-fzf-native": {
      "flake": false,
      "locked": {
        "lastModified": 1694359266,
        "narHash": "sha256-Hob1x/jwQYfphYGWQ/i44NVyCM+WFT5/4+J5J4/tLYA=",
        "owner": "nvim-telescope",
        "repo": "telescope-fzf-native.nvim",
        "rev": "6c921ca12321edaa773e324ef64ea301a1d0da62",
        "type": "github"
      },
      "original": {
        "owner": "nvim-telescope",
        "repo": "telescope-fzf-native.nvim",
        "type": "github"
      }
    },
    "telescope-live-grep-args-plugin": {
      "flake": false,
      "locked": {
        "lastModified": 1693245982,
        "narHash": "sha256-L2STMQude8DalHF4fYaJZNjvQHB1UtnQx8Gx2fPKcDA=",
        "owner": "nvim-telescope",
        "repo": "telescope-live-grep-args.nvim",
        "rev": "851c0997d55601f2afd7290db0f90dc364e29f58",
        "type": "github"
      },
      "original": {
        "owner": "nvim-telescope",
        "repo": "telescope-live-grep-args.nvim",
        "type": "github"
      }
    },
    "telescope-nvim-plugin": {
      "flake": false,
      "locked": {
        "lastModified": 1700100754,
        "narHash": "sha256-8zDwwJn1f4NWydpwsTksKTHQ5qUrMPKCzgvHXqhZMO4=",
        "owner": "nvim-telescope",
        "repo": "telescope.nvim",
        "rev": "18774ec7929c8a8003a91e9e1f69f6c32258bbfe",
        "type": "github"
      },
      "original": {
        "owner": "nvim-telescope",
        "repo": "telescope.nvim",
        "type": "github"
      }
    },
    "undotree-plugin": {
      "flake": false,
      "locked": {
        "lastModified": 1688756648,
        "narHash": "sha256-aB2ikgOVXGRGtBemNcrGwzH51Ab4DVjRUXpku7fepZc=",
        "owner": "mbbill",
        "repo": "undotree",
        "rev": "0e11ba7325efbbb3f3bebe06213afa3e7ec75131",
        "type": "github"
      },
      "original": {
        "owner": "mbbill",
        "repo": "undotree",
        "rev": "0e11ba7325efbbb3f3bebe06213afa3e7ec75131",
        "type": "github"
      }
    },
    "vim-commentary-plugin": {
      "flake": false,
      "locked": {
        "lastModified": 1667247706,
        "narHash": "sha256-wPNAXFC3rgYJ1YkyyMqfUxiiozNldrk5ifpNHhNifyY=",
        "owner": "tpope",
        "repo": "vim-commentary",
        "rev": "e87cd90dc09c2a203e13af9704bd0ef79303d755",
        "type": "github"
      },
      "original": {
        "owner": "tpope",
        "repo": "vim-commentary",
        "type": "github"
      }
    },
    "vim-devicons-plugin": {
      "flake": false,
      "locked": {
        "lastModified": 1664648913,
        "narHash": "sha256-9g3UdBcc34MR/BrKYqOki2Ge29k/QaRMsnyY+Pq9UE8=",
        "owner": "ryanoasis",
        "repo": "vim-devicons",
        "rev": "71f239af28b7214eebb60d4ea5bd040291fb7e33",
        "type": "github"
      },
      "original": {
        "owner": "ryanoasis",
        "repo": "vim-devicons",
        "type": "github"
      }
    },
    "vim-fugitive-plugin": {
      "flake": false,
      "locked": {
        "lastModified": 1696899192,
        "narHash": "sha256-poNiZqRMuw2+xlPsY8BIA3OCjRCpbh7uAyaWmlgPCUs=",
        "owner": "tpope",
        "repo": "vim-fugitive",
        "rev": "cbe9dfa162c178946afa689dd3f42d4ea8bf89c1",
        "type": "github"
      },
      "original": {
        "owner": "tpope",
        "repo": "vim-fugitive",
        "rev": "cbe9dfa162c178946afa689dd3f42d4ea8bf89c1",
        "type": "github"
      }
    },
    "vim-harpoon-plugin": {
      "flake": false,
      "locked": {
        "lastModified": 1696945578,
        "narHash": "sha256-pSnFx5fg1llNlpTCV4hoo3Pf1KWnAJDRVSe+88N4HXM=",
        "owner": "ThePrimeagen",
        "repo": "harpoon",
        "rev": "c1aebbad9e3d13f20bedb8f2ce8b3a94e39e424a",
        "type": "github"
      },
      "original": {
        "owner": "ThePrimeagen",
        "repo": "harpoon",
        "type": "github"
      }
    },
    "vim-lastplace-plugin": {
      "flake": false,
      "locked": {
        "lastModified": 1692890477,
        "narHash": "sha256-kDC24UlmJGJ0cGy/YRVkmnByhYPAU0xnJ2zSgM0uYGs=",
        "owner": "farmergreg",
        "repo": "vim-lastplace",
        "rev": "bb3191b134ade9d1f01014e17c3df91e8911dd5c",
        "type": "github"
      },
      "original": {
        "owner": "farmergreg",
        "repo": "vim-lastplace",
        "type": "github"
      }
    },
    "vim-rescript-plugin": {
      "flake": false,
      "locked": {
        "lastModified": 1699629843,
        "narHash": "sha256-3T0vNwyQugKb0aIT0tz5AD0PzkQWLOKKXXCpSnUKT68=",
        "owner": "rescript-lang",
        "repo": "vim-rescript",
        "rev": "7690aa058de6193eb1a71411b9c48514c7e58286",
        "type": "github"
      },
      "original": {
        "owner": "rescript-lang",
        "repo": "vim-rescript",
        "type": "github"
      }
    },
    "vim-rhubarb-plugin": {
      "flake": false,
      "locked": {
        "lastModified": 1680085333,
        "narHash": "sha256-8zeQMLzNBWmXZ5daCOmsHkw6MIwWislArYF5zDdrwOg=",
        "owner": "tpope",
        "repo": "vim-rhubarb",
        "rev": "ee69335de176d9325267b0fd2597a22901d927b1",
        "type": "github"
      },
      "original": {
        "owner": "tpope",
        "repo": "vim-rhubarb",
        "rev": "ee69335de176d9325267b0fd2597a22901d927b1",
        "type": "github"
      }
    },
    "vim-surround-plugin": {
      "flake": false,
      "locked": {
        "lastModified": 1666730476,
        "narHash": "sha256-DZE5tkmnT+lAvx/RQHaDEgEJXRKsy56KJY919xiH1lE=",
        "owner": "tpope",
        "repo": "vim-surround",
        "rev": "3d188ed2113431cf8dac77be61b842acb64433d9",
        "type": "github"
      },
      "original": {
        "owner": "tpope",
        "repo": "vim-surround",
        "type": "github"
      }
    },
    "vim-terraform-plugin": {
      "flake": false,
      "locked": {
        "lastModified": 1696238836,
        "narHash": "sha256-UGpgRqvmxsAbGF0yAKWaW0wbdxwzETlns6Y1peTRYBg=",
        "owner": "hashivim",
        "repo": "vim-terraform",
        "rev": "d37ae7e7828aa167877e338dea5d4e1653ed3eb1",
        "type": "github"
      },
      "original": {
        "owner": "hashivim",
        "repo": "vim-terraform",
        "type": "github"
      }
    }
  },
  "root": "root",
  "version": 7
}
